
Microsoft Visual Studio Solution File, Format Version 12.00
# Visual Studio 15
VisualStudioVersion = 15.0.28010.2026
MinimumVisualStudioVersion = 10.0.40219.1
Project("{FAE04EC0-301F-11D3-BF4B-00C04F79EFBC}") = "WSFAlimentos", "WSFAlimentos\WSFAlimentos.csproj", "{18027D05-3204-47F8-868B-843C4A8783FC}"
EndProject
Global
	GlobalSection(SolutionConfigurationPlatforms) = preSolution
		Debug|Any CPU = Debug|Any CPU
		Release|Any CPU = Release|Any CPU
	EndGlobalSection
	GlobalSection(ProjectConfigurationPlatforms) = postSolution
		{18027D05-3204-47F8-868B-843C4A8783FC}.Debug|Any CPU.ActiveCfg = Debug|Any CPU
		{18027D05-3204-47F8-868B-843C4A8783FC}.Debug|Any CPU.Build.0 = Debug|Any CPU
		{18027D05-3204-47F8-868B-843C4A8783FC}.Release|Any CPU.ActiveCfg = Release|Any CPU
		{18027D05-3204-47F8-868B-843C4A8783FC}.Release|Any CPU.Build.0 = Release|Any CPU
	EndGlobalSection
	GlobalSection(SolutionProperties) = preSolution
		HideSolutionNode = FALSE
	EndGlobalSection
	GlobalSection(ExtensibilityGlobals) = postSolution
		SolutionGuid = {60A480DE-4A7A-480D-972E-8E3F131EB567}
	EndGlobalSection
EndGlobal
